
Microsoft Visual Studio Solution File, Format Version 12.00
# Visual Studio Version 17
VisualStudioVersion = 17.2.32616.157
MinimumVisualStudioVersion = 10.0.40219.1
Project("{FAE04EC0-301F-11D3-BF4B-00C04F79EFBC}") = "HW15", "HW15\HW15.csproj", "{409F8546-0322-4CF1-BA36-D89B80C77648}"
EndProject
Global
	GlobalSection(SolutionConfigurationPlatforms) = preSolution
		Debug|Any CPU = Debug|Any CPU
		Release|Any CPU = Release|Any CPU
	EndGlobalSection
	GlobalSection(ProjectConfigurationPlatforms) = postSolution
		{409F8546-0322-4CF1-BA36-D89B80C77648}.Debug|Any CPU.ActiveCfg = Debug|Any CPU
		{409F8546-0322-4CF1-BA36-D89B80C77648}.Debug|Any CPU.Build.0 = Debug|Any CPU
		{409F8546-0322-4CF1-BA36-D89B80C77648}.Release|Any CPU.ActiveCfg = Release|Any CPU
		{409F8546-0322-4CF1-BA36-D89B80C77648}.Release|Any CPU.Build.0 = Release|Any CPU
	EndGlobalSection
	GlobalSection(SolutionProperties) = preSolution
		HideSolutionNode = FALSE
	EndGlobalSection
	GlobalSection(ExtensibilityGlobals) = postSolution
		SolutionGuid = {E4FF4985-97E8-4DF0-9EF8-3F1FC032FDE7}
	EndGlobalSection
EndGlobal
